
Microsoft Visual Studio Solution File, Format Version 12.00
# Visual Studio 14
VisualStudioVersion = 14.0.25420.1
MinimumVisualStudioVersion = 10.0.40219.1
Project("{FAE04EC0-301F-11D3-BF4B-00C04F79EFBC}") = "AccessRights", "AccessRights\AccessRights.csproj", "{21EC369B-94AB-42B0-ADB0-D912F2992103}"
EndProject
Project("{FAE04EC0-301F-11D3-BF4B-00C04F79EFBC}") = "FormattingForLogging", "FormattingForLogging\FormattingForLogging.csproj", "{8CE0150C-AF45-42CD-98B4-09E8362CBAFD}"
EndProject
Project("{FAE04EC0-301F-11D3-BF4B-00C04F79EFBC}") = "GCLogger", "Logger\GCLogger.csproj", "{51EBD92D-6433-429B-A743-65ED41573BDD}"
EndProject
Project("{FAE04EC0-301F-11D3-BF4B-00C04F79EFBC}") = "EqualsProject", "EqualsProject\EqualsProject.csproj", "{3971B16F-8446-4C40-92D3-46E5CA5245FF}"
EndProject
Project("{FAE04EC0-301F-11D3-BF4B-00C04F79EFBC}") = "ComplexNumberProject", "ComplexNumberProject\ComplexNumberProject.csproj", "{F9DEF8B8-1689-4A49-8794-32F8F42D50FB}"
EndProject
Project("{FAE04EC0-301F-11D3-BF4B-00C04F79EFBC}") = "LogParserProject", "LogParserProject\LogParserProject.csproj", "{B87E9ED5-D171-4674-81C8-5F564463CF0B}"
EndProject
Project("{FAE04EC0-301F-11D3-BF4B-00C04F79EFBC}") = "GZipProject", "GZipProject\GZipProject.csproj", "{79BDF7B4-0EC8-4309-88FB-34B4D3DDEE3F}"
EndProject
Project("{FAE04EC0-301F-11D3-BF4B-00C04F79EFBC}") = "MaxGenericProject", "MaxGenericProject\MaxGenericProject.csproj", "{D1826208-B37A-4C66-8662-C41A61AE4BC5}"
EndProject
Project("{FAE04EC0-301F-11D3-BF4B-00C04F79EFBC}") = "ReflectionProject", "ReflectionProject\ReflectionProject.csproj", "{8E211A24-64E3-41BC-83FA-D82AF057CC25}"
EndProject
Project("{FAE04EC0-301F-11D3-BF4B-00C04F79EFBC}") = "DomainProject", "DomainProject\DomainProject.csproj", "{0A988D7C-C955-45DE-882B-B81DB3B2EE45}"
EndProject
Project("{FAE04EC0-301F-11D3-BF4B-00C04F79EFBC}") = "COMProject", "COMProject\COMProject.csproj", "{7022E0F7-B28C-4776-BAA5-2E537112B7D2}"
EndProject
Global
	GlobalSection(SolutionConfigurationPlatforms) = preSolution
		Debug|Any CPU = Debug|Any CPU
		Release|Any CPU = Release|Any CPU
	EndGlobalSection
	GlobalSection(ProjectConfigurationPlatforms) = postSolution
		{21EC369B-94AB-42B0-ADB0-D912F2992103}.Debug|Any CPU.ActiveCfg = Debug|Any CPU
		{21EC369B-94AB-42B0-ADB0-D912F2992103}.Debug|Any CPU.Build.0 = Debug|Any CPU
		{21EC369B-94AB-42B0-ADB0-D912F2992103}.Release|Any CPU.ActiveCfg = Release|Any CPU
		{21EC369B-94AB-42B0-ADB0-D912F2992103}.Release|Any CPU.Build.0 = Release|Any CPU
		{8CE0150C-AF45-42CD-98B4-09E8362CBAFD}.Debug|Any CPU.ActiveCfg = Debug|Any CPU
		{8CE0150C-AF45-42CD-98B4-09E8362CBAFD}.Debug|Any CPU.Build.0 = Debug|Any CPU
		{8CE0150C-AF45-42CD-98B4-09E8362CBAFD}.Release|Any CPU.ActiveCfg = Release|Any CPU
		{8CE0150C-AF45-42CD-98B4-09E8362CBAFD}.Release|Any CPU.Build.0 = Release|Any CPU
		{51EBD92D-6433-429B-A743-65ED41573BDD}.Debug|Any CPU.ActiveCfg = Debug|Any CPU
		{51EBD92D-6433-429B-A743-65ED41573BDD}.Debug|Any CPU.Build.0 = Debug|Any CPU
		{51EBD92D-6433-429B-A743-65ED41573BDD}.Release|Any CPU.ActiveCfg = Release|Any CPU
		{51EBD92D-6433-429B-A743-65ED41573BDD}.Release|Any CPU.Build.0 = Release|Any CPU
		{3971B16F-8446-4C40-92D3-46E5CA5245FF}.Debug|Any CPU.ActiveCfg = Debug|Any CPU
		{3971B16F-8446-4C40-92D3-46E5CA5245FF}.Debug|Any CPU.Build.0 = Debug|Any CPU
		{3971B16F-8446-4C40-92D3-46E5CA5245FF}.Release|Any CPU.ActiveCfg = Release|Any CPU
		{3971B16F-8446-4C40-92D3-46E5CA5245FF}.Release|Any CPU.Build.0 = Release|Any CPU
		{F9DEF8B8-1689-4A49-8794-32F8F42D50FB}.Debug|Any CPU.ActiveCfg = Debug|Any CPU
		{F9DEF8B8-1689-4A49-8794-32F8F42D50FB}.Debug|Any CPU.Build.0 = Debug|Any CPU
		{F9DEF8B8-1689-4A49-8794-32F8F42D50FB}.Release|Any CPU.ActiveCfg = Release|Any CPU
		{F9DEF8B8-1689-4A49-8794-32F8F42D50FB}.Release|Any CPU.Build.0 = Release|Any CPU
		{B87E9ED5-D171-4674-81C8-5F564463CF0B}.Debug|Any CPU.ActiveCfg = Debug|Any CPU
		{B87E9ED5-D171-4674-81C8-5F564463CF0B}.Debug|Any CPU.Build.0 = Debug|Any CPU
		{B87E9ED5-D171-4674-81C8-5F564463CF0B}.Release|Any CPU.ActiveCfg = Release|Any CPU
		{B87E9ED5-D171-4674-81C8-5F564463CF0B}.Release|Any CPU.Build.0 = Release|Any CPU
		{79BDF7B4-0EC8-4309-88FB-34B4D3DDEE3F}.Debug|Any CPU.ActiveCfg = Debug|Any CPU
		{79BDF7B4-0EC8-4309-88FB-34B4D3DDEE3F}.Debug|Any CPU.Build.0 = Debug|Any CPU
		{79BDF7B4-0EC8-4309-88FB-34B4D3DDEE3F}.Release|Any CPU.ActiveCfg = Release|Any CPU
		{79BDF7B4-0EC8-4309-88FB-34B4D3DDEE3F}.Release|Any CPU.Build.0 = Release|Any CPU
		{D1826208-B37A-4C66-8662-C41A61AE4BC5}.Debug|Any CPU.ActiveCfg = Debug|Any CPU
		{D1826208-B37A-4C66-8662-C41A61AE4BC5}.Debug|Any CPU.Build.0 = Debug|Any CPU
		{D1826208-B37A-4C66-8662-C41A61AE4BC5}.Release|Any CPU.ActiveCfg = Release|Any CPU
		{D1826208-B37A-4C66-8662-C41A61AE4BC5}.Release|Any CPU.Build.0 = Release|Any CPU
		{8E211A24-64E3-41BC-83FA-D82AF057CC25}.Debug|Any CPU.ActiveCfg = Debug|Any CPU
		{8E211A24-64E3-41BC-83FA-D82AF057CC25}.Debug|Any CPU.Build.0 = Debug|Any CPU
		{8E211A24-64E3-41BC-83FA-D82AF057CC25}.Release|Any CPU.ActiveCfg = Release|Any CPU
		{8E211A24-64E3-41BC-83FA-D82AF057CC25}.Release|Any CPU.Build.0 = Release|Any CPU
		{0A988D7C-C955-45DE-882B-B81DB3B2EE45}.Debug|Any CPU.ActiveCfg = Debug|Any CPU
		{0A988D7C-C955-45DE-882B-B81DB3B2EE45}.Debug|Any CPU.Build.0 = Debug|Any CPU
		{0A988D7C-C955-45DE-882B-B81DB3B2EE45}.Release|Any CPU.ActiveCfg = Release|Any CPU
		{0A988D7C-C955-45DE-882B-B81DB3B2EE45}.Release|Any CPU.Build.0 = Release|Any CPU
		{7022E0F7-B28C-4776-BAA5-2E537112B7D2}.Debug|Any CPU.ActiveCfg = Debug|Any CPU
		{7022E0F7-B28C-4776-BAA5-2E537112B7D2}.Debug|Any CPU.Build.0 = Debug|Any CPU
		{7022E0F7-B28C-4776-BAA5-2E537112B7D2}.Release|Any CPU.ActiveCfg = Release|Any CPU
		{7022E0F7-B28C-4776-BAA5-2E537112B7D2}.Release|Any CPU.Build.0 = Release|Any CPU
	EndGlobalSection
	GlobalSection(SolutionProperties) = preSolution
		HideSolutionNode = FALSE
	EndGlobalSection
EndGlobal
